
Microsoft Visual Studio Solution File, Format Version 12.00
# Visual Studio Version 17
VisualStudioVersion = 17.4.33213.308
MinimumVisualStudioVersion = 10.0.40219.1
Project("{FAE04EC0-301F-11D3-BF4B-00C04F79EFBC}") = "PortfolioAnalyzer", "PortfolioAnalyzer\PortfolioAnalyzer.csproj", "{315A20ED-494D-4EE4-97F6-A4F73B8404F9}"
EndProject
Global
	GlobalSection(SolutionConfigurationPlatforms) = preSolution
		Debug|Any CPU = Debug|Any CPU
		Release|Any CPU = Release|Any CPU
	EndGlobalSection
	GlobalSection(ProjectConfigurationPlatforms) = postSolution
		{315A20ED-494D-4EE4-97F6-A4F73B8404F9}.Debug|Any CPU.ActiveCfg = Debug|Any CPU
		{315A20ED-494D-4EE4-97F6-A4F73B8404F9}.Debug|Any CPU.Build.0 = Debug|Any CPU
		{315A20ED-494D-4EE4-97F6-A4F73B8404F9}.Release|Any CPU.ActiveCfg = Release|Any CPU
		{315A20ED-494D-4EE4-97F6-A4F73B8404F9}.Release|Any CPU.Build.0 = Release|Any CPU
	EndGlobalSection
	GlobalSection(SolutionProperties) = preSolution
		HideSolutionNode = FALSE
	EndGlobalSection
	GlobalSection(ExtensibilityGlobals) = postSolution
		SolutionGuid = {9616E67F-4810-4396-BB73-9A273CD8A852}
	EndGlobalSection
EndGlobal
